Microsoft Visual Studio Solution File, Format Version 12.00
# Visual Studio 14
Project("{8BC9CEB8-8B4A-11D0-8D11-00A0C91BC942}") = "ALL_BUILD", "ALL_BUILD.vcxproj", "{4DC70089-059B-3D7C-A764-B8D094DB7A09}"
	ProjectSection(ProjectDependencies) = postProject
		{498626B5-1082-3613-A2C9-E5D73A97D665} = {498626B5-1082-3613-A2C9-E5D73A97D665}
		{BCA06B9D-3FE4-312E-9D26-631C3204E8F1} = {BCA06B9D-3FE4-312E-9D26-631C3204E8F1}
	EndProjectSection
EndProject
Project("{8BC9CEB8-8B4A-11D0-8D11-00A0C91BC942}") = "ZERO_CHECK", "..\\ZERO_CHECK.vcxproj", "{498626B5-1082-3613-A2C9-E5D73A97D665}"
	ProjectSection(ProjectDependencies) = postProject
	EndProjectSection
EndProject
Project("{8BC9CEB8-8B4A-11D0-8D11-00A0C91BC942}") = "llappearance", "llappearance.vcxproj", "{BCA06B9D-3FE4-312E-9D26-631C3204E8F1}"
	ProjectSection(ProjectDependencies) = postProject
		{498626B5-1082-3613-A2C9-E5D73A97D665} = {498626B5-1082-3613-A2C9-E5D73A97D665}
		{DFB14465-681C-38C5-A307-42C2072E331F} = {DFB14465-681C-38C5-A307-42C2072E331F}
		{3CAB0194-3A13-396D-95B8-C964E9EB7E33} = {3CAB0194-3A13-396D-95B8-C964E9EB7E33}
		{C313D124-7830-3AED-B19C-D996ABC654C3} = {C313D124-7830-3AED-B19C-D996ABC654C3}
		{D92978C7-9594-3F1A-A611-843FFB793971} = {D92978C7-9594-3F1A-A611-843FFB793971}
		{F30206FF-07BA-340E-A89D-77E1081E7776} = {F30206FF-07BA-340E-A89D-77E1081E7776}
		{F4551669-005F-37B7-95BB-7DE97E529F3F} = {F4551669-005F-37B7-95BB-7DE97E529F3F}
		{9ECB5770-C02A-3D31-9863-982EE7761033} = {9ECB5770-C02A-3D31-9863-982EE7761033}
		{FF5C3BFF-CE11-3BD2-A7F6-87925421472F} = {FF5C3BFF-CE11-3BD2-A7F6-87925421472F}
	EndProjectSection
EndProject
Project("{8BC9CEB8-8B4A-11D0-8D11-00A0C91BC942}") = "llcharacter", "..\llcharacter\llcharacter.vcxproj", "{DFB14465-681C-38C5-A307-42C2072E331F}"
	ProjectSection(ProjectDependencies) = postProject
		{498626B5-1082-3613-A2C9-E5D73A97D665} = {498626B5-1082-3613-A2C9-E5D73A97D665}
	EndProjectSection
EndProject
Project("{8BC9CEB8-8B4A-11D0-8D11-00A0C91BC942}") = "llcommon", "..\llcommon\llcommon.vcxproj", "{3CAB0194-3A13-396D-95B8-C964E9EB7E33}"
	ProjectSection(ProjectDependencies) = postProject
		{498626B5-1082-3613-A2C9-E5D73A97D665} = {498626B5-1082-3613-A2C9-E5D73A97D665}
		{34807EEA-4491-3729-99DE-965BE8F0FBDB} = {34807EEA-4491-3729-99DE-965BE8F0FBDB}
	EndProjectSection
EndProject
Project("{8BC9CEB8-8B4A-11D0-8D11-00A0C91BC942}") = "llimage", "..\llimage\llimage.vcxproj", "{C313D124-7830-3AED-B19C-D996ABC654C3}"
	ProjectSection(ProjectDependencies) = postProject
		{498626B5-1082-3613-A2C9-E5D73A97D665} = {498626B5-1082-3613-A2C9-E5D73A97D665}
	EndProjectSection
EndProject
Project("{8BC9CEB8-8B4A-11D0-8D11-00A0C91BC942}") = "llinventory", "..\llinventory\llinventory.vcxproj", "{D92978C7-9594-3F1A-A611-843FFB793971}"
	ProjectSection(ProjectDependencies) = postProject
		{498626B5-1082-3613-A2C9-E5D73A97D665} = {498626B5-1082-3613-A2C9-E5D73A97D665}
	EndProjectSection
EndProject
Project("{8BC9CEB8-8B4A-11D0-8D11-00A0C91BC942}") = "llmath", "..\llmath\llmath.vcxproj", "{F30206FF-07BA-340E-A89D-77E1081E7776}"
	ProjectSection(ProjectDependencies) = postProject
		{498626B5-1082-3613-A2C9-E5D73A97D665} = {498626B5-1082-3613-A2C9-E5D73A97D665}
	EndProjectSection
EndProject
Project("{8BC9CEB8-8B4A-11D0-8D11-00A0C91BC942}") = "llrender", "..\llrender\llrender.vcxproj", "{F4551669-005F-37B7-95BB-7DE97E529F3F}"
	ProjectSection(ProjectDependencies) = postProject
		{498626B5-1082-3613-A2C9-E5D73A97D665} = {498626B5-1082-3613-A2C9-E5D73A97D665}
	EndProjectSection
EndProject
Project("{8BC9CEB8-8B4A-11D0-8D11-00A0C91BC942}") = "llvfs", "..\llvfs\llvfs.vcxproj", "{9ECB5770-C02A-3D31-9863-982EE7761033}"
	ProjectSection(ProjectDependencies) = postProject
		{498626B5-1082-3613-A2C9-E5D73A97D665} = {498626B5-1082-3613-A2C9-E5D73A97D665}
	EndProjectSection
EndProject
Project("{8BC9CEB8-8B4A-11D0-8D11-00A0C91BC942}") = "llxml", "..\llxml\llxml.vcxproj", "{FF5C3BFF-CE11-3BD2-A7F6-87925421472F}"
	ProjectSection(ProjectDependencies) = postProject
		{498626B5-1082-3613-A2C9-E5D73A97D665} = {498626B5-1082-3613-A2C9-E5D73A97D665}
	EndProjectSection
EndProject
Project("{8BC9CEB8-8B4A-11D0-8D11-00A0C91BC942}") = "stage_third_party_libs", "..\llcommon\stage_third_party_libs.vcxproj", "{34807EEA-4491-3729-99DE-965BE8F0FBDB}"
	ProjectSection(ProjectDependencies) = postProject
		{498626B5-1082-3613-A2C9-E5D73A97D665} = {498626B5-1082-3613-A2C9-E5D73A97D665}
	EndProjectSection
EndProject
Global
	GlobalSection(SolutionConfigurationPlatforms) = preSolution
		RelWithDebInfo|Win32 = RelWithDebInfo|Win32
		Release|Win32 = Release|Win32
		Debug|Win32 = Debug|Win32
	EndGlobalSection
	GlobalSection(ProjectConfigurationPlatforms) = postSolution
		{4DC70089-059B-3D7C-A764-B8D094DB7A09}.RelWithDebInfo|Win32.ActiveCfg = RelWithDebInfo|Win32
		{4DC70089-059B-3D7C-A764-B8D094DB7A09}.Release|Win32.ActiveCfg = Release|Win32
		{4DC70089-059B-3D7C-A764-B8D094DB7A09}.Debug|Win32.ActiveCfg = Debug|Win32
		{498626B5-1082-3613-A2C9-E5D73A97D665}.RelWithDebInfo|Win32.ActiveCfg = RelWithDebInfo|Win32
		{498626B5-1082-3613-A2C9-E5D73A97D665}.RelWithDebInfo|Win32.Build.0 = RelWithDebInfo|Win32
		{498626B5-1082-3613-A2C9-E5D73A97D665}.Release|Win32.ActiveCfg = Release|Win32
		{498626B5-1082-3613-A2C9-E5D73A97D665}.Release|Win32.Build.0 = Release|Win32
		{498626B5-1082-3613-A2C9-E5D73A97D665}.Debug|Win32.ActiveCfg = Debug|Win32
		{498626B5-1082-3613-A2C9-E5D73A97D665}.Debug|Win32.Build.0 = Debug|Win32
		{BCA06B9D-3FE4-312E-9D26-631C3204E8F1}.RelWithDebInfo|Win32.ActiveCfg = RelWithDebInfo|Win32
		{BCA06B9D-3FE4-312E-9D26-631C3204E8F1}.RelWithDebInfo|Win32.Build.0 = RelWithDebInfo|Win32
		{BCA06B9D-3FE4-312E-9D26-631C3204E8F1}.Release|Win32.ActiveCfg = Release|Win32
		{BCA06B9D-3FE4-312E-9D26-631C3204E8F1}.Release|Win32.Build.0 = Release|Win32
		{BCA06B9D-3FE4-312E-9D26-631C3204E8F1}.Debug|Win32.ActiveCfg = Debug|Win32
		{BCA06B9D-3FE4-312E-9D26-631C3204E8F1}.Debug|Win32.Build.0 = Debug|Win32
		{DFB14465-681C-38C5-A307-42C2072E331F}.RelWithDebInfo|Win32.ActiveCfg = RelWithDebInfo|Win32
		{DFB14465-681C-38C5-A307-42C2072E331F}.RelWithDebInfo|Win32.Build.0 = RelWithDebInfo|Win32
		{DFB14465-681C-38C5-A307-42C2072E331F}.Release|Win32.ActiveCfg = Release|Win32
		{DFB14465-681C-38C5-A307-42C2072E331F}.Release|Win32.Build.0 = Release|Win32
		{DFB14465-681C-38C5-A307-42C2072E331F}.Debug|Win32.ActiveCfg = Debug|Win32
		{DFB14465-681C-38C5-A307-42C2072E331F}.Debug|Win32.Build.0 = Debug|Win32
		{3CAB0194-3A13-396D-95B8-C964E9EB7E33}.RelWithDebInfo|Win32.ActiveCfg = RelWithDebInfo|Win32
		{3CAB0194-3A13-396D-95B8-C964E9EB7E33}.RelWithDebInfo|Win32.Build.0 = RelWithDebInfo|Win32
		{3CAB0194-3A13-396D-95B8-C964E9EB7E33}.Release|Win32.ActiveCfg = Release|Win32
		{3CAB0194-3A13-396D-95B8-C964E9EB7E33}.Release|Win32.Build.0 = Release|Win32
		{3CAB0194-3A13-396D-95B8-C964E9EB7E33}.Debug|Win32.ActiveCfg = Debug|Win32
		{3CAB0194-3A13-396D-95B8-C964E9EB7E33}.Debug|Win32.Build.0 = Debug|Win32
		{C313D124-7830-3AED-B19C-D996ABC654C3}.RelWithDebInfo|Win32.ActiveCfg = RelWithDebInfo|Win32
		{C313D124-7830-3AED-B19C-D996ABC654C3}.RelWithDebInfo|Win32.Build.0 = RelWithDebInfo|Win32
		{C313D124-7830-3AED-B19C-D996ABC654C3}.Release|Win32.ActiveCfg = Release|Win32
		{C313D124-7830-3AED-B19C-D996ABC654C3}.Release|Win32.Build.0 = Release|Win32
		{C313D124-7830-3AED-B19C-D996ABC654C3}.Debug|Win32.ActiveCfg = Debug|Win32
		{C313D124-7830-3AED-B19C-D996ABC654C3}.Debug|Win32.Build.0 = Debug|Win32
		{D92978C7-9594-3F1A-A611-843FFB793971}.RelWithDebInfo|Win32.ActiveCfg = RelWithDebInfo|Win32
		{D92978C7-9594-3F1A-A611-843FFB793971}.RelWithDebInfo|Win32.Build.0 = RelWithDebInfo|Win32
		{D92978C7-9594-3F1A-A611-843FFB793971}.Release|Win32.ActiveCfg = Release|Win32
		{D92978C7-9594-3F1A-A611-843FFB793971}.Release|Win32.Build.0 = Release|Win32
		{D92978C7-9594-3F1A-A611-843FFB793971}.Debug|Win32.ActiveCfg = Debug|Win32
		{D92978C7-9594-3F1A-A611-843FFB793971}.Debug|Win32.Build.0 = Debug|Win32
		{F30206FF-07BA-340E-A89D-77E1081E7776}.RelWithDebInfo|Win32.ActiveCfg = RelWithDebInfo|Win32
		{F30206FF-07BA-340E-A89D-77E1081E7776}.RelWithDebInfo|Win32.Build.0 = RelWithDebInfo|Win32
		{F30206FF-07BA-340E-A89D-77E1081E7776}.Release|Win32.ActiveCfg = Release|Win32
		{F30206FF-07BA-340E-A89D-77E1081E7776}.Release|Win32.Build.0 = Release|Win32
		{F30206FF-07BA-340E-A89D-77E1081E7776}.Debug|Win32.ActiveCfg = Debug|Win32
		{F30206FF-07BA-340E-A89D-77E1081E7776}.Debug|Win32.Build.0 = Debug|Win32
		{F4551669-005F-37B7-95BB-7DE97E529F3F}.RelWithDebInfo|Win32.ActiveCfg = RelWithDebInfo|Win32
		{F4551669-005F-37B7-95BB-7DE97E529F3F}.RelWithDebInfo|Win32.Build.0 = RelWithDebInfo|Win32
		{F4551669-005F-37B7-95BB-7DE97E529F3F}.Release|Win32.ActiveCfg = Release|Win32
		{F4551669-005F-37B7-95BB-7DE97E529F3F}.Release|Win32.Build.0 = Release|Win32
		{F4551669-005F-37B7-95BB-7DE97E529F3F}.Debug|Win32.ActiveCfg = Debug|Win32
		{F4551669-005F-37B7-95BB-7DE97E529F3F}.Debug|Win32.Build.0 = Debug|Win32
		{9ECB5770-C02A-3D31-9863-982EE7761033}.RelWithDebInfo|Win32.ActiveCfg = RelWithDebInfo|Win32
		{9ECB5770-C02A-3D31-9863-982EE7761033}.RelWithDebInfo|Win32.Build.0 = RelWithDebInfo|Win32
		{9ECB5770-C02A-3D31-9863-982EE7761033}.Release|Win32.ActiveCfg = Release|Win32
		{9ECB5770-C02A-3D31-9863-982EE7761033}.Release|Win32.Build.0 = Release|Win32
		{9ECB5770-C02A-3D31-9863-982EE7761033}.Debug|Win32.ActiveCfg = Debug|Win32
		{9ECB5770-C02A-3D31-9863-982EE7761033}.Debug|Win32.Build.0 = Debug|Win32
		{FF5C3BFF-CE11-3BD2-A7F6-87925421472F}.RelWithDebInfo|Win32.ActiveCfg = RelWithDebInfo|Win32
		{FF5C3BFF-CE11-3BD2-A7F6-87925421472F}.RelWithDebInfo|Win32.Build.0 = RelWithDebInfo|Win32
		{FF5C3BFF-CE11-3BD2-A7F6-87925421472F}.Release|Win32.ActiveCfg = Release|Win32
		{FF5C3BFF-CE11-3BD2-A7F6-87925421472F}.Release|Win32.Build.0 = Release|Win32
		{FF5C3BFF-CE11-3BD2-A7F6-87925421472F}.Debug|Win32.ActiveCfg = Debug|Win32
		{FF5C3BFF-CE11-3BD2-A7F6-87925421472F}.Debug|Win32.Build.0 = Debug|Win32
		{34807EEA-4491-3729-99DE-965BE8F0FBDB}.RelWithDebInfo|Win32.ActiveCfg = RelWithDebInfo|Win32
		{34807EEA-4491-3729-99DE-965BE8F0FBDB}.RelWithDebInfo|Win32.Build.0 = RelWithDebInfo|Win32
		{34807EEA-4491-3729-99DE-965BE8F0FBDB}.Release|Win32.ActiveCfg = Release|Win32
		{34807EEA-4491-3729-99DE-965BE8F0FBDB}.Release|Win32.Build.0 = Release|Win32
		{34807EEA-4491-3729-99DE-965BE8F0FBDB}.Debug|Win32.ActiveCfg = Debug|Win32
		{34807EEA-4491-3729-99DE-965BE8F0FBDB}.Debug|Win32.Build.0 = Debug|Win32
	EndGlobalSection
	GlobalSection(ExtensibilityGlobals) = postSolution
	EndGlobalSection
	GlobalSection(ExtensibilityAddIns) = postSolution
	EndGlobalSection
EndGlobal
