<?xml version="1.0" encoding="UTF-8"?>
<Project ToolsVersion="14.0" xmlns="http://schemas.microsoft.com/developer/msbuild/2003">
  <ItemGroup>
    <CustomBuild Include="C:\Users\stephen\Desktop\singularity\singularity\indra\newview\CMakeLists.txt" />
    <CustomBuild Include="C:\Users\stephen\Desktop\singularity\singularity\build-vc140\CMakeFiles\f8998b890ee9656d36d2447307859bdd\generate_viewer_version.rule">
      <Filter>CMake Rules</Filter>
    </CustomBuild>
  </ItemGroup>
  <ItemGroup>
    <None Include="C:\Users\stephen\Desktop\singularity\singularity\build-vc140\newview\CMakeFiles\generate_viewer_version" />
  </ItemGroup>
  <ItemGroup>
    <Filter Include="CMake Rules">
      <UniqueIdentifier>{26CE57D8-D905-3EB9-B642-E6D8B372E498}</UniqueIdentifier>
    </Filter>
  </ItemGroup>
</Project>
