Microsoft Visual Studio Solution File, Format Version 12.00
# Visual Studio 14
Project("{8BC9CEB8-8B4A-11D0-8D11-00A0C91BC942}") = "ALL_BUILD", "ALL_BUILD.vcxproj", "{4DC70089-059B-3D7C-A764-B8D094DB7A09}"
	ProjectSection(ProjectDependencies) = postProject
		{498626B5-1082-3613-A2C9-E5D73A97D665} = {498626B5-1082-3613-A2C9-E5D73A97D665}
		{BB450062-688D-3262-9AB8-B67D40EBCC7D} = {BB450062-688D-3262-9AB8-B67D40EBCC7D}
		{36E48A46-F2B0-3DC7-92A5-EB63218E1EB1} = {36E48A46-F2B0-3DC7-92A5-EB63218E1EB1}
		{0F7C17C7-E6BA-35C6-8311-69E465BB066D} = {0F7C17C7-E6BA-35C6-8311-69E465BB066D}
	EndProjectSection
EndProject
Project("{8BC9CEB8-8B4A-11D0-8D11-00A0C91BC942}") = "SLPlugin", "..\llplugin\slplugin\SLPlugin.vcxproj", "{5AB956A2-2763-3B7B-89E0-10ECF104A54D}"
	ProjectSection(ProjectDependencies) = postProject
		{498626B5-1082-3613-A2C9-E5D73A97D665} = {498626B5-1082-3613-A2C9-E5D73A97D665}
		{C5985FD3-906B-3C93-9C80-A6B46E1BB18D} = {C5985FD3-906B-3C93-9C80-A6B46E1BB18D}
		{3CAB0194-3A13-396D-95B8-C964E9EB7E33} = {3CAB0194-3A13-396D-95B8-C964E9EB7E33}
		{A95CCC9C-2B8E-31D0-9B8A-54A37674B68A} = {A95CCC9C-2B8E-31D0-9B8A-54A37674B68A}
		{EF70D24E-9D29-386F-81CC-3D51FCBD1870} = {EF70D24E-9D29-386F-81CC-3D51FCBD1870}
	EndProjectSection
EndProject
Project("{8BC9CEB8-8B4A-11D0-8D11-00A0C91BC942}") = "ZERO_CHECK", "..\\ZERO_CHECK.vcxproj", "{498626B5-1082-3613-A2C9-E5D73A97D665}"
	ProjectSection(ProjectDependencies) = postProject
	EndProjectSection
EndProject
Project("{8BC9CEB8-8B4A-11D0-8D11-00A0C91BC942}") = "aistatemachine", "..\aistatemachine\aistatemachine.vcxproj", "{C5985FD3-906B-3C93-9C80-A6B46E1BB18D}"
	ProjectSection(ProjectDependencies) = postProject
		{498626B5-1082-3613-A2C9-E5D73A97D665} = {498626B5-1082-3613-A2C9-E5D73A97D665}
	EndProjectSection
EndProject
Project("{8BC9CEB8-8B4A-11D0-8D11-00A0C91BC942}") = "basic_plugin_base", "..\plugins\base_basic\basic_plugin_base.vcxproj", "{17CBBD1C-272E-3232-A5AC-577197EFA5AF}"
	ProjectSection(ProjectDependencies) = postProject
		{498626B5-1082-3613-A2C9-E5D73A97D665} = {498626B5-1082-3613-A2C9-E5D73A97D665}
	EndProjectSection
EndProject
Project("{8BC9CEB8-8B4A-11D0-8D11-00A0C91BC942}") = "copy_w_viewer_manifest", "copy_w_viewer_manifest.vcxproj", "{BB450062-688D-3262-9AB8-B67D40EBCC7D}"
	ProjectSection(ProjectDependencies) = postProject
		{5AB956A2-2763-3B7B-89E0-10ECF104A54D} = {5AB956A2-2763-3B7B-89E0-10ECF104A54D}
		{498626B5-1082-3613-A2C9-E5D73A97D665} = {498626B5-1082-3613-A2C9-E5D73A97D665}
		{36E48A46-F2B0-3DC7-92A5-EB63218E1EB1} = {36E48A46-F2B0-3DC7-92A5-EB63218E1EB1}
		{BF4AB994-6FCF-309F-A180-53F36E6F4EB9} = {BF4AB994-6FCF-309F-A180-53F36E6F4EB9}
		{05C4C436-207E-312D-93D1-3E7E5414F54D} = {05C4C436-207E-312D-93D1-3E7E5414F54D}
		{34807EEA-4491-3729-99DE-965BE8F0FBDB} = {34807EEA-4491-3729-99DE-965BE8F0FBDB}
	EndProjectSection
EndProject
Project("{8BC9CEB8-8B4A-11D0-8D11-00A0C91BC942}") = "copy_win_scripts", "..\copy_win_scripts\copy_win_scripts.vcxproj", "{C7525F22-622C-30BB-BA8A-1B03745EB38E}"
	ProjectSection(ProjectDependencies) = postProject
		{498626B5-1082-3613-A2C9-E5D73A97D665} = {498626B5-1082-3613-A2C9-E5D73A97D665}
	EndProjectSection
EndProject
Project("{8BC9CEB8-8B4A-11D0-8D11-00A0C91BC942}") = "generate_viewer_version", "generate_viewer_version.vcxproj", "{36E48A46-F2B0-3DC7-92A5-EB63218E1EB1}"
	ProjectSection(ProjectDependencies) = postProject
		{498626B5-1082-3613-A2C9-E5D73A97D665} = {498626B5-1082-3613-A2C9-E5D73A97D665}
	EndProjectSection
EndProject
Project("{8BC9CEB8-8B4A-11D0-8D11-00A0C91BC942}") = "hacd", "..\libhacd\hacd.vcxproj", "{3068D941-1DF5-33FB-A155-5ECCFD5F9F5D}"
	ProjectSection(ProjectDependencies) = postProject
		{498626B5-1082-3613-A2C9-E5D73A97D665} = {498626B5-1082-3613-A2C9-E5D73A97D665}
	EndProjectSection
EndProject
Project("{8BC9CEB8-8B4A-11D0-8D11-00A0C91BC942}") = "llappearance", "..\llappearance\llappearance.vcxproj", "{BCA06B9D-3FE4-312E-9D26-631C3204E8F1}"
	ProjectSection(ProjectDependencies) = postProject
		{498626B5-1082-3613-A2C9-E5D73A97D665} = {498626B5-1082-3613-A2C9-E5D73A97D665}
		{DFB14465-681C-38C5-A307-42C2072E331F} = {DFB14465-681C-38C5-A307-42C2072E331F}
		{3CAB0194-3A13-396D-95B8-C964E9EB7E33} = {3CAB0194-3A13-396D-95B8-C964E9EB7E33}
		{C313D124-7830-3AED-B19C-D996ABC654C3} = {C313D124-7830-3AED-B19C-D996ABC654C3}
		{D92978C7-9594-3F1A-A611-843FFB793971} = {D92978C7-9594-3F1A-A611-843FFB793971}
		{F30206FF-07BA-340E-A89D-77E1081E7776} = {F30206FF-07BA-340E-A89D-77E1081E7776}
		{F4551669-005F-37B7-95BB-7DE97E529F3F} = {F4551669-005F-37B7-95BB-7DE97E529F3F}
		{9ECB5770-C02A-3D31-9863-982EE7761033} = {9ECB5770-C02A-3D31-9863-982EE7761033}
		{FF5C3BFF-CE11-3BD2-A7F6-87925421472F} = {FF5C3BFF-CE11-3BD2-A7F6-87925421472F}
	EndProjectSection
EndProject
Project("{8BC9CEB8-8B4A-11D0-8D11-00A0C91BC942}") = "llaudio", "..\llaudio\llaudio.vcxproj", "{084ED2D7-E3C7-3709-98DF-14CCB33FC47C}"
	ProjectSection(ProjectDependencies) = postProject
		{498626B5-1082-3613-A2C9-E5D73A97D665} = {498626B5-1082-3613-A2C9-E5D73A97D665}
	EndProjectSection
EndProject
Project("{8BC9CEB8-8B4A-11D0-8D11-00A0C91BC942}") = "llcharacter", "..\llcharacter\llcharacter.vcxproj", "{DFB14465-681C-38C5-A307-42C2072E331F}"
	ProjectSection(ProjectDependencies) = postProject
		{498626B5-1082-3613-A2C9-E5D73A97D665} = {498626B5-1082-3613-A2C9-E5D73A97D665}
	EndProjectSection
EndProject
Project("{8BC9CEB8-8B4A-11D0-8D11-00A0C91BC942}") = "llcommon", "..\llcommon\llcommon.vcxproj", "{3CAB0194-3A13-396D-95B8-C964E9EB7E33}"
	ProjectSection(ProjectDependencies) = postProject
		{498626B5-1082-3613-A2C9-E5D73A97D665} = {498626B5-1082-3613-A2C9-E5D73A97D665}
		{34807EEA-4491-3729-99DE-965BE8F0FBDB} = {34807EEA-4491-3729-99DE-965BE8F0FBDB}
	EndProjectSection
EndProject
Project("{8BC9CEB8-8B4A-11D0-8D11-00A0C91BC942}") = "llimage", "..\llimage\llimage.vcxproj", "{C313D124-7830-3AED-B19C-D996ABC654C3}"
	ProjectSection(ProjectDependencies) = postProject
		{498626B5-1082-3613-A2C9-E5D73A97D665} = {498626B5-1082-3613-A2C9-E5D73A97D665}
	EndProjectSection
EndProject
Project("{8BC9CEB8-8B4A-11D0-8D11-00A0C91BC942}") = "llimagej2coj", "..\llimagej2coj\llimagej2coj.vcxproj", "{EF9488B4-FFD0-3990-AE5C-EEC5D58DBC78}"
	ProjectSection(ProjectDependencies) = postProject
		{498626B5-1082-3613-A2C9-E5D73A97D665} = {498626B5-1082-3613-A2C9-E5D73A97D665}
		{696B7CD4-2145-36BD-AA46-F52000F5E96B} = {696B7CD4-2145-36BD-AA46-F52000F5E96B}
	EndProjectSection
EndProject
Project("{8BC9CEB8-8B4A-11D0-8D11-00A0C91BC942}") = "llinventory", "..\llinventory\llinventory.vcxproj", "{D92978C7-9594-3F1A-A611-843FFB793971}"
	ProjectSection(ProjectDependencies) = postProject
		{498626B5-1082-3613-A2C9-E5D73A97D665} = {498626B5-1082-3613-A2C9-E5D73A97D665}
	EndProjectSection
EndProject
Project("{8BC9CEB8-8B4A-11D0-8D11-00A0C91BC942}") = "llmath", "..\llmath\llmath.vcxproj", "{F30206FF-07BA-340E-A89D-77E1081E7776}"
	ProjectSection(ProjectDependencies) = postProject
		{498626B5-1082-3613-A2C9-E5D73A97D665} = {498626B5-1082-3613-A2C9-E5D73A97D665}
	EndProjectSection
EndProject
Project("{8BC9CEB8-8B4A-11D0-8D11-00A0C91BC942}") = "llmessage", "..\llmessage\llmessage.vcxproj", "{A95CCC9C-2B8E-31D0-9B8A-54A37674B68A}"
	ProjectSection(ProjectDependencies) = postProject
		{498626B5-1082-3613-A2C9-E5D73A97D665} = {498626B5-1082-3613-A2C9-E5D73A97D665}
	EndProjectSection
EndProject
Project("{8BC9CEB8-8B4A-11D0-8D11-00A0C91BC942}") = "llplugin", "..\llplugin\llplugin.vcxproj", "{EF70D24E-9D29-386F-81CC-3D51FCBD1870}"
	ProjectSection(ProjectDependencies) = postProject
		{498626B5-1082-3613-A2C9-E5D73A97D665} = {498626B5-1082-3613-A2C9-E5D73A97D665}
	EndProjectSection
EndProject
Project("{8BC9CEB8-8B4A-11D0-8D11-00A0C91BC942}") = "llprimitive", "..\llprimitive\llprimitive.vcxproj", "{E4B7F6E2-54C7-302A-A72A-2CE7F19553A4}"
	ProjectSection(ProjectDependencies) = postProject
		{498626B5-1082-3613-A2C9-E5D73A97D665} = {498626B5-1082-3613-A2C9-E5D73A97D665}
	EndProjectSection
EndProject
Project("{8BC9CEB8-8B4A-11D0-8D11-00A0C91BC942}") = "llrender", "..\llrender\llrender.vcxproj", "{F4551669-005F-37B7-95BB-7DE97E529F3F}"
	ProjectSection(ProjectDependencies) = postProject
		{498626B5-1082-3613-A2C9-E5D73A97D665} = {498626B5-1082-3613-A2C9-E5D73A97D665}
	EndProjectSection
EndProject
Project("{8BC9CEB8-8B4A-11D0-8D11-00A0C91BC942}") = "llui", "..\llui\llui.vcxproj", "{9AEA6E53-DE2D-3321-BA4D-1E552C87A6C6}"
	ProjectSection(ProjectDependencies) = postProject
		{498626B5-1082-3613-A2C9-E5D73A97D665} = {498626B5-1082-3613-A2C9-E5D73A97D665}
		{3CAB0194-3A13-396D-95B8-C964E9EB7E33} = {3CAB0194-3A13-396D-95B8-C964E9EB7E33}
		{C313D124-7830-3AED-B19C-D996ABC654C3} = {C313D124-7830-3AED-B19C-D996ABC654C3}
		{F30206FF-07BA-340E-A89D-77E1081E7776} = {F30206FF-07BA-340E-A89D-77E1081E7776}
		{F4551669-005F-37B7-95BB-7DE97E529F3F} = {F4551669-005F-37B7-95BB-7DE97E529F3F}
		{9ECB5770-C02A-3D31-9863-982EE7761033} = {9ECB5770-C02A-3D31-9863-982EE7761033}
		{83F727EB-4338-3BBC-93E9-03C0BA407A08} = {83F727EB-4338-3BBC-93E9-03C0BA407A08}
		{FF5C3BFF-CE11-3BD2-A7F6-87925421472F} = {FF5C3BFF-CE11-3BD2-A7F6-87925421472F}
	EndProjectSection
EndProject
Project("{8BC9CEB8-8B4A-11D0-8D11-00A0C91BC942}") = "llvfs", "..\llvfs\llvfs.vcxproj", "{9ECB5770-C02A-3D31-9863-982EE7761033}"
	ProjectSection(ProjectDependencies) = postProject
		{498626B5-1082-3613-A2C9-E5D73A97D665} = {498626B5-1082-3613-A2C9-E5D73A97D665}
	EndProjectSection
EndProject
Project("{8BC9CEB8-8B4A-11D0-8D11-00A0C91BC942}") = "llwindow", "..\llwindow\llwindow.vcxproj", "{83F727EB-4338-3BBC-93E9-03C0BA407A08}"
	ProjectSection(ProjectDependencies) = postProject
		{498626B5-1082-3613-A2C9-E5D73A97D665} = {498626B5-1082-3613-A2C9-E5D73A97D665}
	EndProjectSection
EndProject
Project("{8BC9CEB8-8B4A-11D0-8D11-00A0C91BC942}") = "llxml", "..\llxml\llxml.vcxproj", "{FF5C3BFF-CE11-3BD2-A7F6-87925421472F}"
	ProjectSection(ProjectDependencies) = postProject
		{498626B5-1082-3613-A2C9-E5D73A97D665} = {498626B5-1082-3613-A2C9-E5D73A97D665}
	EndProjectSection
EndProject
Project("{8BC9CEB8-8B4A-11D0-8D11-00A0C91BC942}") = "media_plugin_base", "..\plugins\base_media\media_plugin_base.vcxproj", "{4DE8F48A-F2F7-3172-81FD-4DD7F4237807}"
	ProjectSection(ProjectDependencies) = postProject
		{498626B5-1082-3613-A2C9-E5D73A97D665} = {498626B5-1082-3613-A2C9-E5D73A97D665}
		{17CBBD1C-272E-3232-A5AC-577197EFA5AF} = {17CBBD1C-272E-3232-A5AC-577197EFA5AF}
	EndProjectSection
EndProject
Project("{8BC9CEB8-8B4A-11D0-8D11-00A0C91BC942}") = "media_plugin_cef", "..\plugins\cef\media_plugin_cef.vcxproj", "{BF4AB994-6FCF-309F-A180-53F36E6F4EB9}"
	ProjectSection(ProjectDependencies) = postProject
		{498626B5-1082-3613-A2C9-E5D73A97D665} = {498626B5-1082-3613-A2C9-E5D73A97D665}
		{17CBBD1C-272E-3232-A5AC-577197EFA5AF} = {17CBBD1C-272E-3232-A5AC-577197EFA5AF}
		{3CAB0194-3A13-396D-95B8-C964E9EB7E33} = {3CAB0194-3A13-396D-95B8-C964E9EB7E33}
		{EF70D24E-9D29-386F-81CC-3D51FCBD1870} = {EF70D24E-9D29-386F-81CC-3D51FCBD1870}
		{4DE8F48A-F2F7-3172-81FD-4DD7F4237807} = {4DE8F48A-F2F7-3172-81FD-4DD7F4237807}
	EndProjectSection
EndProject
Project("{8BC9CEB8-8B4A-11D0-8D11-00A0C91BC942}") = "media_plugin_quicktime", "..\plugins\quicktime\media_plugin_quicktime.vcxproj", "{05C4C436-207E-312D-93D1-3E7E5414F54D}"
	ProjectSection(ProjectDependencies) = postProject
		{498626B5-1082-3613-A2C9-E5D73A97D665} = {498626B5-1082-3613-A2C9-E5D73A97D665}
		{17CBBD1C-272E-3232-A5AC-577197EFA5AF} = {17CBBD1C-272E-3232-A5AC-577197EFA5AF}
		{3CAB0194-3A13-396D-95B8-C964E9EB7E33} = {3CAB0194-3A13-396D-95B8-C964E9EB7E33}
		{EF70D24E-9D29-386F-81CC-3D51FCBD1870} = {EF70D24E-9D29-386F-81CC-3D51FCBD1870}
		{4DE8F48A-F2F7-3172-81FD-4DD7F4237807} = {4DE8F48A-F2F7-3172-81FD-4DD7F4237807}
	EndProjectSection
EndProject
Project("{8BC9CEB8-8B4A-11D0-8D11-00A0C91BC942}") = "nd_Pathing", "..\libpathing\nd_Pathing.vcxproj", "{60409062-7874-39CA-B22B-FD4FE5C80E5D}"
	ProjectSection(ProjectDependencies) = postProject
		{498626B5-1082-3613-A2C9-E5D73A97D665} = {498626B5-1082-3613-A2C9-E5D73A97D665}
	EndProjectSection
EndProject
Project("{8BC9CEB8-8B4A-11D0-8D11-00A0C91BC942}") = "nd_hacdConvexDecomposition", "..\libndhacd\nd_hacdConvexDecomposition.vcxproj", "{41568D44-4CA4-3CEB-822C-A4A477D182D4}"
	ProjectSection(ProjectDependencies) = postProject
		{498626B5-1082-3613-A2C9-E5D73A97D665} = {498626B5-1082-3613-A2C9-E5D73A97D665}
	EndProjectSection
EndProject
Project("{8BC9CEB8-8B4A-11D0-8D11-00A0C91BC942}") = "openjpeg", "..\libopenjpeg\openjpeg.vcxproj", "{696B7CD4-2145-36BD-AA46-F52000F5E96B}"
	ProjectSection(ProjectDependencies) = postProject
		{498626B5-1082-3613-A2C9-E5D73A97D665} = {498626B5-1082-3613-A2C9-E5D73A97D665}
	EndProjectSection
EndProject
Project("{8BC9CEB8-8B4A-11D0-8D11-00A0C91BC942}") = "singularity-bin", "singularity-bin.vcxproj", "{0F7C17C7-E6BA-35C6-8311-69E465BB066D}"
	ProjectSection(ProjectDependencies) = postProject
		{5AB956A2-2763-3B7B-89E0-10ECF104A54D} = {5AB956A2-2763-3B7B-89E0-10ECF104A54D}
		{498626B5-1082-3613-A2C9-E5D73A97D665} = {498626B5-1082-3613-A2C9-E5D73A97D665}
		{C5985FD3-906B-3C93-9C80-A6B46E1BB18D} = {C5985FD3-906B-3C93-9C80-A6B46E1BB18D}
		{BB450062-688D-3262-9AB8-B67D40EBCC7D} = {BB450062-688D-3262-9AB8-B67D40EBCC7D}
		{C7525F22-622C-30BB-BA8A-1B03745EB38E} = {C7525F22-622C-30BB-BA8A-1B03745EB38E}
		{36E48A46-F2B0-3DC7-92A5-EB63218E1EB1} = {36E48A46-F2B0-3DC7-92A5-EB63218E1EB1}
		{3068D941-1DF5-33FB-A155-5ECCFD5F9F5D} = {3068D941-1DF5-33FB-A155-5ECCFD5F9F5D}
		{BCA06B9D-3FE4-312E-9D26-631C3204E8F1} = {BCA06B9D-3FE4-312E-9D26-631C3204E8F1}
		{084ED2D7-E3C7-3709-98DF-14CCB33FC47C} = {084ED2D7-E3C7-3709-98DF-14CCB33FC47C}
		{DFB14465-681C-38C5-A307-42C2072E331F} = {DFB14465-681C-38C5-A307-42C2072E331F}
		{3CAB0194-3A13-396D-95B8-C964E9EB7E33} = {3CAB0194-3A13-396D-95B8-C964E9EB7E33}
		{C313D124-7830-3AED-B19C-D996ABC654C3} = {C313D124-7830-3AED-B19C-D996ABC654C3}
		{EF9488B4-FFD0-3990-AE5C-EEC5D58DBC78} = {EF9488B4-FFD0-3990-AE5C-EEC5D58DBC78}
		{D92978C7-9594-3F1A-A611-843FFB793971} = {D92978C7-9594-3F1A-A611-843FFB793971}
		{F30206FF-07BA-340E-A89D-77E1081E7776} = {F30206FF-07BA-340E-A89D-77E1081E7776}
		{A95CCC9C-2B8E-31D0-9B8A-54A37674B68A} = {A95CCC9C-2B8E-31D0-9B8A-54A37674B68A}
		{EF70D24E-9D29-386F-81CC-3D51FCBD1870} = {EF70D24E-9D29-386F-81CC-3D51FCBD1870}
		{E4B7F6E2-54C7-302A-A72A-2CE7F19553A4} = {E4B7F6E2-54C7-302A-A72A-2CE7F19553A4}
		{F4551669-005F-37B7-95BB-7DE97E529F3F} = {F4551669-005F-37B7-95BB-7DE97E529F3F}
		{9AEA6E53-DE2D-3321-BA4D-1E552C87A6C6} = {9AEA6E53-DE2D-3321-BA4D-1E552C87A6C6}
		{9ECB5770-C02A-3D31-9863-982EE7761033} = {9ECB5770-C02A-3D31-9863-982EE7761033}
		{83F727EB-4338-3BBC-93E9-03C0BA407A08} = {83F727EB-4338-3BBC-93E9-03C0BA407A08}
		{FF5C3BFF-CE11-3BD2-A7F6-87925421472F} = {FF5C3BFF-CE11-3BD2-A7F6-87925421472F}
		{60409062-7874-39CA-B22B-FD4FE5C80E5D} = {60409062-7874-39CA-B22B-FD4FE5C80E5D}
		{41568D44-4CA4-3CEB-822C-A4A477D182D4} = {41568D44-4CA4-3CEB-822C-A4A477D182D4}
		{696B7CD4-2145-36BD-AA46-F52000F5E96B} = {696B7CD4-2145-36BD-AA46-F52000F5E96B}
		{34807EEA-4491-3729-99DE-965BE8F0FBDB} = {34807EEA-4491-3729-99DE-965BE8F0FBDB}
		{65B95793-0681-3CFF-BF80-5E5EDEB74A8A} = {65B95793-0681-3CFF-BF80-5E5EDEB74A8A}
	EndProjectSection
EndProject
Project("{8BC9CEB8-8B4A-11D0-8D11-00A0C91BC942}") = "stage_third_party_libs", "..\llcommon\stage_third_party_libs.vcxproj", "{34807EEA-4491-3729-99DE-965BE8F0FBDB}"
	ProjectSection(ProjectDependencies) = postProject
		{498626B5-1082-3613-A2C9-E5D73A97D665} = {498626B5-1082-3613-A2C9-E5D73A97D665}
	EndProjectSection
EndProject
Project("{8BC9CEB8-8B4A-11D0-8D11-00A0C91BC942}") = "statemachine", "statemachine\statemachine.vcxproj", "{65B95793-0681-3CFF-BF80-5E5EDEB74A8A}"
	ProjectSection(ProjectDependencies) = postProject
		{498626B5-1082-3613-A2C9-E5D73A97D665} = {498626B5-1082-3613-A2C9-E5D73A97D665}
	EndProjectSection
EndProject
Global
	GlobalSection(SolutionConfigurationPlatforms) = preSolution
		RelWithDebInfo|Win32 = RelWithDebInfo|Win32
		Release|Win32 = Release|Win32
		Debug|Win32 = Debug|Win32
	EndGlobalSection
	GlobalSection(ProjectConfigurationPlatforms) = postSolution
		{4DC70089-059B-3D7C-A764-B8D094DB7A09}.RelWithDebInfo|Win32.ActiveCfg = RelWithDebInfo|Win32
		{4DC70089-059B-3D7C-A764-B8D094DB7A09}.Release|Win32.ActiveCfg = Release|Win32
		{4DC70089-059B-3D7C-A764-B8D094DB7A09}.Debug|Win32.ActiveCfg = Debug|Win32
		{5AB956A2-2763-3B7B-89E0-10ECF104A54D}.RelWithDebInfo|Win32.ActiveCfg = RelWithDebInfo|Win32
		{5AB956A2-2763-3B7B-89E0-10ECF104A54D}.RelWithDebInfo|Win32.Build.0 = RelWithDebInfo|Win32
		{5AB956A2-2763-3B7B-89E0-10ECF104A54D}.Release|Win32.ActiveCfg = Release|Win32
		{5AB956A2-2763-3B7B-89E0-10ECF104A54D}.Release|Win32.Build.0 = Release|Win32
		{5AB956A2-2763-3B7B-89E0-10ECF104A54D}.Debug|Win32.ActiveCfg = Debug|Win32
		{5AB956A2-2763-3B7B-89E0-10ECF104A54D}.Debug|Win32.Build.0 = Debug|Win32
		{498626B5-1082-3613-A2C9-E5D73A97D665}.RelWithDebInfo|Win32.ActiveCfg = RelWithDebInfo|Win32
		{498626B5-1082-3613-A2C9-E5D73A97D665}.RelWithDebInfo|Win32.Build.0 = RelWithDebInfo|Win32
		{498626B5-1082-3613-A2C9-E5D73A97D665}.Release|Win32.ActiveCfg = Release|Win32
		{498626B5-1082-3613-A2C9-E5D73A97D665}.Release|Win32.Build.0 = Release|Win32
		{498626B5-1082-3613-A2C9-E5D73A97D665}.Debug|Win32.ActiveCfg = Debug|Win32
		{498626B5-1082-3613-A2C9-E5D73A97D665}.Debug|Win32.Build.0 = Debug|Win32
		{C5985FD3-906B-3C93-9C80-A6B46E1BB18D}.RelWithDebInfo|Win32.ActiveCfg = RelWithDebInfo|Win32
		{C5985FD3-906B-3C93-9C80-A6B46E1BB18D}.RelWithDebInfo|Win32.Build.0 = RelWithDebInfo|Win32
		{C5985FD3-906B-3C93-9C80-A6B46E1BB18D}.Release|Win32.ActiveCfg = Release|Win32
		{C5985FD3-906B-3C93-9C80-A6B46E1BB18D}.Release|Win32.Build.0 = Release|Win32
		{C5985FD3-906B-3C93-9C80-A6B46E1BB18D}.Debug|Win32.ActiveCfg = Debug|Win32
		{C5985FD3-906B-3C93-9C80-A6B46E1BB18D}.Debug|Win32.Build.0 = Debug|Win32
		{17CBBD1C-272E-3232-A5AC-577197EFA5AF}.RelWithDebInfo|Win32.ActiveCfg = RelWithDebInfo|Win32
		{17CBBD1C-272E-3232-A5AC-577197EFA5AF}.RelWithDebInfo|Win32.Build.0 = RelWithDebInfo|Win32
		{17CBBD1C-272E-3232-A5AC-577197EFA5AF}.Release|Win32.ActiveCfg = Release|Win32
		{17CBBD1C-272E-3232-A5AC-577197EFA5AF}.Release|Win32.Build.0 = Release|Win32
		{17CBBD1C-272E-3232-A5AC-577197EFA5AF}.Debug|Win32.ActiveCfg = Debug|Win32
		{17CBBD1C-272E-3232-A5AC-577197EFA5AF}.Debug|Win32.Build.0 = Debug|Win32
		{BB450062-688D-3262-9AB8-B67D40EBCC7D}.RelWithDebInfo|Win32.ActiveCfg = RelWithDebInfo|Win32
		{BB450062-688D-3262-9AB8-B67D40EBCC7D}.RelWithDebInfo|Win32.Build.0 = RelWithDebInfo|Win32
		{BB450062-688D-3262-9AB8-B67D40EBCC7D}.Release|Win32.ActiveCfg = Release|Win32
		{BB450062-688D-3262-9AB8-B67D40EBCC7D}.Release|Win32.Build.0 = Release|Win32
		{BB450062-688D-3262-9AB8-B67D40EBCC7D}.Debug|Win32.ActiveCfg = Debug|Win32
		{BB450062-688D-3262-9AB8-B67D40EBCC7D}.Debug|Win32.Build.0 = Debug|Win32
		{C7525F22-622C-30BB-BA8A-1B03745EB38E}.RelWithDebInfo|Win32.ActiveCfg = RelWithDebInfo|Win32
		{C7525F22-622C-30BB-BA8A-1B03745EB38E}.RelWithDebInfo|Win32.Build.0 = RelWithDebInfo|Win32
		{C7525F22-622C-30BB-BA8A-1B03745EB38E}.Release|Win32.ActiveCfg = Release|Win32
		{C7525F22-622C-30BB-BA8A-1B03745EB38E}.Release|Win32.Build.0 = Release|Win32
		{C7525F22-622C-30BB-BA8A-1B03745EB38E}.Debug|Win32.ActiveCfg = Debug|Win32
		{C7525F22-622C-30BB-BA8A-1B03745EB38E}.Debug|Win32.Build.0 = Debug|Win32
		{36E48A46-F2B0-3DC7-92A5-EB63218E1EB1}.RelWithDebInfo|Win32.ActiveCfg = RelWithDebInfo|Win32
		{36E48A46-F2B0-3DC7-92A5-EB63218E1EB1}.RelWithDebInfo|Win32.Build.0 = RelWithDebInfo|Win32
		{36E48A46-F2B0-3DC7-92A5-EB63218E1EB1}.Release|Win32.ActiveCfg = Release|Win32
		{36E48A46-F2B0-3DC7-92A5-EB63218E1EB1}.Release|Win32.Build.0 = Release|Win32
		{36E48A46-F2B0-3DC7-92A5-EB63218E1EB1}.Debug|Win32.ActiveCfg = Debug|Win32
		{36E48A46-F2B0-3DC7-92A5-EB63218E1EB1}.Debug|Win32.Build.0 = Debug|Win32
		{3068D941-1DF5-33FB-A155-5ECCFD5F9F5D}.RelWithDebInfo|Win32.ActiveCfg = RelWithDebInfo|Win32
		{3068D941-1DF5-33FB-A155-5ECCFD5F9F5D}.RelWithDebInfo|Win32.Build.0 = RelWithDebInfo|Win32
		{3068D941-1DF5-33FB-A155-5ECCFD5F9F5D}.Release|Win32.ActiveCfg = Release|Win32
		{3068D941-1DF5-33FB-A155-5ECCFD5F9F5D}.Release|Win32.Build.0 = Release|Win32
		{3068D941-1DF5-33FB-A155-5ECCFD5F9F5D}.Debug|Win32.ActiveCfg = Debug|Win32
		{3068D941-1DF5-33FB-A155-5ECCFD5F9F5D}.Debug|Win32.Build.0 = Debug|Win32
		{BCA06B9D-3FE4-312E-9D26-631C3204E8F1}.RelWithDebInfo|Win32.ActiveCfg = RelWithDebInfo|Win32
		{BCA06B9D-3FE4-312E-9D26-631C3204E8F1}.RelWithDebInfo|Win32.Build.0 = RelWithDebInfo|Win32
		{BCA06B9D-3FE4-312E-9D26-631C3204E8F1}.Release|Win32.ActiveCfg = Release|Win32
		{BCA06B9D-3FE4-312E-9D26-631C3204E8F1}.Release|Win32.Build.0 = Release|Win32
		{BCA06B9D-3FE4-312E-9D26-631C3204E8F1}.Debug|Win32.ActiveCfg = Debug|Win32
		{BCA06B9D-3FE4-312E-9D26-631C3204E8F1}.Debug|Win32.Build.0 = Debug|Win32
		{084ED2D7-E3C7-3709-98DF-14CCB33FC47C}.RelWithDebInfo|Win32.ActiveCfg = RelWithDebInfo|Win32
		{084ED2D7-E3C7-3709-98DF-14CCB33FC47C}.RelWithDebInfo|Win32.Build.0 = RelWithDebInfo|Win32
		{084ED2D7-E3C7-3709-98DF-14CCB33FC47C}.Release|Win32.ActiveCfg = Release|Win32
		{084ED2D7-E3C7-3709-98DF-14CCB33FC47C}.Release|Win32.Build.0 = Release|Win32
		{084ED2D7-E3C7-3709-98DF-14CCB33FC47C}.Debug|Win32.ActiveCfg = Debug|Win32
		{084ED2D7-E3C7-3709-98DF-14CCB33FC47C}.Debug|Win32.Build.0 = Debug|Win32
		{DFB14465-681C-38C5-A307-42C2072E331F}.RelWithDebInfo|Win32.ActiveCfg = RelWithDebInfo|Win32
		{DFB14465-681C-38C5-A307-42C2072E331F}.RelWithDebInfo|Win32.Build.0 = RelWithDebInfo|Win32
		{DFB14465-681C-38C5-A307-42C2072E331F}.Release|Win32.ActiveCfg = Release|Win32
		{DFB14465-681C-38C5-A307-42C2072E331F}.Release|Win32.Build.0 = Release|Win32
		{DFB14465-681C-38C5-A307-42C2072E331F}.Debug|Win32.ActiveCfg = Debug|Win32
		{DFB14465-681C-38C5-A307-42C2072E331F}.Debug|Win32.Build.0 = Debug|Win32
		{3CAB0194-3A13-396D-95B8-C964E9EB7E33}.RelWithDebInfo|Win32.ActiveCfg = RelWithDebInfo|Win32
		{3CAB0194-3A13-396D-95B8-C964E9EB7E33}.RelWithDebInfo|Win32.Build.0 = RelWithDebInfo|Win32
		{3CAB0194-3A13-396D-95B8-C964E9EB7E33}.Release|Win32.ActiveCfg = Release|Win32
		{3CAB0194-3A13-396D-95B8-C964E9EB7E33}.Release|Win32.Build.0 = Release|Win32
		{3CAB0194-3A13-396D-95B8-C964E9EB7E33}.Debug|Win32.ActiveCfg = Debug|Win32
		{3CAB0194-3A13-396D-95B8-C964E9EB7E33}.Debug|Win32.Build.0 = Debug|Win32
		{C313D124-7830-3AED-B19C-D996ABC654C3}.RelWithDebInfo|Win32.ActiveCfg = RelWithDebInfo|Win32
		{C313D124-7830-3AED-B19C-D996ABC654C3}.RelWithDebInfo|Win32.Build.0 = RelWithDebInfo|Win32
		{C313D124-7830-3AED-B19C-D996ABC654C3}.Release|Win32.ActiveCfg = Release|Win32
		{C313D124-7830-3AED-B19C-D996ABC654C3}.Release|Win32.Build.0 = Release|Win32
		{C313D124-7830-3AED-B19C-D996ABC654C3}.Debug|Win32.ActiveCfg = Debug|Win32
		{C313D124-7830-3AED-B19C-D996ABC654C3}.Debug|Win32.Build.0 = Debug|Win32
		{EF9488B4-FFD0-3990-AE5C-EEC5D58DBC78}.RelWithDebInfo|Win32.ActiveCfg = RelWithDebInfo|Win32
		{EF9488B4-FFD0-3990-AE5C-EEC5D58DBC78}.RelWithDebInfo|Win32.Build.0 = RelWithDebInfo|Win32
		{EF9488B4-FFD0-3990-AE5C-EEC5D58DBC78}.Release|Win32.ActiveCfg = Release|Win32
		{EF9488B4-FFD0-3990-AE5C-EEC5D58DBC78}.Release|Win32.Build.0 = Release|Win32
		{EF9488B4-FFD0-3990-AE5C-EEC5D58DBC78}.Debug|Win32.ActiveCfg = Debug|Win32
		{EF9488B4-FFD0-3990-AE5C-EEC5D58DBC78}.Debug|Win32.Build.0 = Debug|Win32
		{D92978C7-9594-3F1A-A611-843FFB793971}.RelWithDebInfo|Win32.ActiveCfg = RelWithDebInfo|Win32
		{D92978C7-9594-3F1A-A611-843FFB793971}.RelWithDebInfo|Win32.Build.0 = RelWithDebInfo|Win32
		{D92978C7-9594-3F1A-A611-843FFB793971}.Release|Win32.ActiveCfg = Release|Win32
		{D92978C7-9594-3F1A-A611-843FFB793971}.Release|Win32.Build.0 = Release|Win32
		{D92978C7-9594-3F1A-A611-843FFB793971}.Debug|Win32.ActiveCfg = Debug|Win32
		{D92978C7-9594-3F1A-A611-843FFB793971}.Debug|Win32.Build.0 = Debug|Win32
		{F30206FF-07BA-340E-A89D-77E1081E7776}.RelWithDebInfo|Win32.ActiveCfg = RelWithDebInfo|Win32
		{F30206FF-07BA-340E-A89D-77E1081E7776}.RelWithDebInfo|Win32.Build.0 = RelWithDebInfo|Win32
		{F30206FF-07BA-340E-A89D-77E1081E7776}.Release|Win32.ActiveCfg = Release|Win32
		{F30206FF-07BA-340E-A89D-77E1081E7776}.Release|Win32.Build.0 = Release|Win32
		{F30206FF-07BA-340E-A89D-77E1081E7776}.Debug|Win32.ActiveCfg = Debug|Win32
		{F30206FF-07BA-340E-A89D-77E1081E7776}.Debug|Win32.Build.0 = Debug|Win32
		{A95CCC9C-2B8E-31D0-9B8A-54A37674B68A}.RelWithDebInfo|Win32.ActiveCfg = RelWithDebInfo|Win32
		{A95CCC9C-2B8E-31D0-9B8A-54A37674B68A}.RelWithDebInfo|Win32.Build.0 = RelWithDebInfo|Win32
		{A95CCC9C-2B8E-31D0-9B8A-54A37674B68A}.Release|Win32.ActiveCfg = Release|Win32
		{A95CCC9C-2B8E-31D0-9B8A-54A37674B68A}.Release|Win32.Build.0 = Release|Win32
		{A95CCC9C-2B8E-31D0-9B8A-54A37674B68A}.Debug|Win32.ActiveCfg = Debug|Win32
		{A95CCC9C-2B8E-31D0-9B8A-54A37674B68A}.Debug|Win32.Build.0 = Debug|Win32
		{EF70D24E-9D29-386F-81CC-3D51FCBD1870}.RelWithDebInfo|Win32.ActiveCfg = RelWithDebInfo|Win32
		{EF70D24E-9D29-386F-81CC-3D51FCBD1870}.RelWithDebInfo|Win32.Build.0 = RelWithDebInfo|Win32
		{EF70D24E-9D29-386F-81CC-3D51FCBD1870}.Release|Win32.ActiveCfg = Release|Win32
		{EF70D24E-9D29-386F-81CC-3D51FCBD1870}.Release|Win32.Build.0 = Release|Win32
		{EF70D24E-9D29-386F-81CC-3D51FCBD1870}.Debug|Win32.ActiveCfg = Debug|Win32
		{EF70D24E-9D29-386F-81CC-3D51FCBD1870}.Debug|Win32.Build.0 = Debug|Win32
		{E4B7F6E2-54C7-302A-A72A-2CE7F19553A4}.RelWithDebInfo|Win32.ActiveCfg = RelWithDebInfo|Win32
		{E4B7F6E2-54C7-302A-A72A-2CE7F19553A4}.RelWithDebInfo|Win32.Build.0 = RelWithDebInfo|Win32
		{E4B7F6E2-54C7-302A-A72A-2CE7F19553A4}.Release|Win32.ActiveCfg = Release|Win32
		{E4B7F6E2-54C7-302A-A72A-2CE7F19553A4}.Release|Win32.Build.0 = Release|Win32
		{E4B7F6E2-54C7-302A-A72A-2CE7F19553A4}.Debug|Win32.ActiveCfg = Debug|Win32
		{E4B7F6E2-54C7-302A-A72A-2CE7F19553A4}.Debug|Win32.Build.0 = Debug|Win32
		{F4551669-005F-37B7-95BB-7DE97E529F3F}.RelWithDebInfo|Win32.ActiveCfg = RelWithDebInfo|Win32
		{F4551669-005F-37B7-95BB-7DE97E529F3F}.RelWithDebInfo|Win32.Build.0 = RelWithDebInfo|Win32
		{F4551669-005F-37B7-95BB-7DE97E529F3F}.Release|Win32.ActiveCfg = Release|Win32
		{F4551669-005F-37B7-95BB-7DE97E529F3F}.Release|Win32.Build.0 = Release|Win32
		{F4551669-005F-37B7-95BB-7DE97E529F3F}.Debug|Win32.ActiveCfg = Debug|Win32
		{F4551669-005F-37B7-95BB-7DE97E529F3F}.Debug|Win32.Build.0 = Debug|Win32
		{9AEA6E53-DE2D-3321-BA4D-1E552C87A6C6}.RelWithDebInfo|Win32.ActiveCfg = RelWithDebInfo|Win32
		{9AEA6E53-DE2D-3321-BA4D-1E552C87A6C6}.RelWithDebInfo|Win32.Build.0 = RelWithDebInfo|Win32
		{9AEA6E53-DE2D-3321-BA4D-1E552C87A6C6}.Release|Win32.ActiveCfg = Release|Win32
		{9AEA6E53-DE2D-3321-BA4D-1E552C87A6C6}.Release|Win32.Build.0 = Release|Win32
		{9AEA6E53-DE2D-3321-BA4D-1E552C87A6C6}.Debug|Win32.ActiveCfg = Debug|Win32
		{9AEA6E53-DE2D-3321-BA4D-1E552C87A6C6}.Debug|Win32.Build.0 = Debug|Win32
		{9ECB5770-C02A-3D31-9863-982EE7761033}.RelWithDebInfo|Win32.ActiveCfg = RelWithDebInfo|Win32
		{9ECB5770-C02A-3D31-9863-982EE7761033}.RelWithDebInfo|Win32.Build.0 = RelWithDebInfo|Win32
		{9ECB5770-C02A-3D31-9863-982EE7761033}.Release|Win32.ActiveCfg = Release|Win32
		{9ECB5770-C02A-3D31-9863-982EE7761033}.Release|Win32.Build.0 = Release|Win32
		{9ECB5770-C02A-3D31-9863-982EE7761033}.Debug|Win32.ActiveCfg = Debug|Win32
		{9ECB5770-C02A-3D31-9863-982EE7761033}.Debug|Win32.Build.0 = Debug|Win32
		{83F727EB-4338-3BBC-93E9-03C0BA407A08}.RelWithDebInfo|Win32.ActiveCfg = RelWithDebInfo|Win32
		{83F727EB-4338-3BBC-93E9-03C0BA407A08}.RelWithDebInfo|Win32.Build.0 = RelWithDebInfo|Win32
		{83F727EB-4338-3BBC-93E9-03C0BA407A08}.Release|Win32.ActiveCfg = Release|Win32
		{83F727EB-4338-3BBC-93E9-03C0BA407A08}.Release|Win32.Build.0 = Release|Win32
		{83F727EB-4338-3BBC-93E9-03C0BA407A08}.Debug|Win32.ActiveCfg = Debug|Win32
		{83F727EB-4338-3BBC-93E9-03C0BA407A08}.Debug|Win32.Build.0 = Debug|Win32
		{FF5C3BFF-CE11-3BD2-A7F6-87925421472F}.RelWithDebInfo|Win32.ActiveCfg = RelWithDebInfo|Win32
		{FF5C3BFF-CE11-3BD2-A7F6-87925421472F}.RelWithDebInfo|Win32.Build.0 = RelWithDebInfo|Win32
		{FF5C3BFF-CE11-3BD2-A7F6-87925421472F}.Release|Win32.ActiveCfg = Release|Win32
		{FF5C3BFF-CE11-3BD2-A7F6-87925421472F}.Release|Win32.Build.0 = Release|Win32
		{FF5C3BFF-CE11-3BD2-A7F6-87925421472F}.Debug|Win32.ActiveCfg = Debug|Win32
		{FF5C3BFF-CE11-3BD2-A7F6-87925421472F}.Debug|Win32.Build.0 = Debug|Win32
		{4DE8F48A-F2F7-3172-81FD-4DD7F4237807}.RelWithDebInfo|Win32.ActiveCfg = RelWithDebInfo|Win32
		{4DE8F48A-F2F7-3172-81FD-4DD7F4237807}.RelWithDebInfo|Win32.Build.0 = RelWithDebInfo|Win32
		{4DE8F48A-F2F7-3172-81FD-4DD7F4237807}.Release|Win32.ActiveCfg = Release|Win32
		{4DE8F48A-F2F7-3172-81FD-4DD7F4237807}.Release|Win32.Build.0 = Release|Win32
		{4DE8F48A-F2F7-3172-81FD-4DD7F4237807}.Debug|Win32.ActiveCfg = Debug|Win32
		{4DE8F48A-F2F7-3172-81FD-4DD7F4237807}.Debug|Win32.Build.0 = Debug|Win32
		{BF4AB994-6FCF-309F-A180-53F36E6F4EB9}.RelWithDebInfo|Win32.ActiveCfg = RelWithDebInfo|Win32
		{BF4AB994-6FCF-309F-A180-53F36E6F4EB9}.RelWithDebInfo|Win32.Build.0 = RelWithDebInfo|Win32
		{BF4AB994-6FCF-309F-A180-53F36E6F4EB9}.Release|Win32.ActiveCfg = Release|Win32
		{BF4AB994-6FCF-309F-A180-53F36E6F4EB9}.Release|Win32.Build.0 = Release|Win32
		{BF4AB994-6FCF-309F-A180-53F36E6F4EB9}.Debug|Win32.ActiveCfg = Debug|Win32
		{BF4AB994-6FCF-309F-A180-53F36E6F4EB9}.Debug|Win32.Build.0 = Debug|Win32
		{05C4C436-207E-312D-93D1-3E7E5414F54D}.RelWithDebInfo|Win32.ActiveCfg = RelWithDebInfo|Win32
		{05C4C436-207E-312D-93D1-3E7E5414F54D}.RelWithDebInfo|Win32.Build.0 = RelWithDebInfo|Win32
		{05C4C436-207E-312D-93D1-3E7E5414F54D}.Release|Win32.ActiveCfg = Release|Win32
		{05C4C436-207E-312D-93D1-3E7E5414F54D}.Release|Win32.Build.0 = Release|Win32
		{05C4C436-207E-312D-93D1-3E7E5414F54D}.Debug|Win32.ActiveCfg = Debug|Win32
		{05C4C436-207E-312D-93D1-3E7E5414F54D}.Debug|Win32.Build.0 = Debug|Win32
		{60409062-7874-39CA-B22B-FD4FE5C80E5D}.RelWithDebInfo|Win32.ActiveCfg = RelWithDebInfo|Win32
		{60409062-7874-39CA-B22B-FD4FE5C80E5D}.RelWithDebInfo|Win32.Build.0 = RelWithDebInfo|Win32
		{60409062-7874-39CA-B22B-FD4FE5C80E5D}.Release|Win32.ActiveCfg = Release|Win32
		{60409062-7874-39CA-B22B-FD4FE5C80E5D}.Release|Win32.Build.0 = Release|Win32
		{60409062-7874-39CA-B22B-FD4FE5C80E5D}.Debug|Win32.ActiveCfg = Debug|Win32
		{60409062-7874-39CA-B22B-FD4FE5C80E5D}.Debug|Win32.Build.0 = Debug|Win32
		{41568D44-4CA4-3CEB-822C-A4A477D182D4}.RelWithDebInfo|Win32.ActiveCfg = RelWithDebInfo|Win32
		{41568D44-4CA4-3CEB-822C-A4A477D182D4}.RelWithDebInfo|Win32.Build.0 = RelWithDebInfo|Win32
		{41568D44-4CA4-3CEB-822C-A4A477D182D4}.Release|Win32.ActiveCfg = Release|Win32
		{41568D44-4CA4-3CEB-822C-A4A477D182D4}.Release|Win32.Build.0 = Release|Win32
		{41568D44-4CA4-3CEB-822C-A4A477D182D4}.Debug|Win32.ActiveCfg = Debug|Win32
		{41568D44-4CA4-3CEB-822C-A4A477D182D4}.Debug|Win32.Build.0 = Debug|Win32
		{696B7CD4-2145-36BD-AA46-F52000F5E96B}.RelWithDebInfo|Win32.ActiveCfg = RelWithDebInfo|Win32
		{696B7CD4-2145-36BD-AA46-F52000F5E96B}.RelWithDebInfo|Win32.Build.0 = RelWithDebInfo|Win32
		{696B7CD4-2145-36BD-AA46-F52000F5E96B}.Release|Win32.ActiveCfg = Release|Win32
		{696B7CD4-2145-36BD-AA46-F52000F5E96B}.Release|Win32.Build.0 = Release|Win32
		{696B7CD4-2145-36BD-AA46-F52000F5E96B}.Debug|Win32.ActiveCfg = Debug|Win32
		{696B7CD4-2145-36BD-AA46-F52000F5E96B}.Debug|Win32.Build.0 = Debug|Win32
		{0F7C17C7-E6BA-35C6-8311-69E465BB066D}.RelWithDebInfo|Win32.ActiveCfg = RelWithDebInfo|Win32
		{0F7C17C7-E6BA-35C6-8311-69E465BB066D}.RelWithDebInfo|Win32.Build.0 = RelWithDebInfo|Win32
		{0F7C17C7-E6BA-35C6-8311-69E465BB066D}.Release|Win32.ActiveCfg = Release|Win32
		{0F7C17C7-E6BA-35C6-8311-69E465BB066D}.Release|Win32.Build.0 = Release|Win32
		{0F7C17C7-E6BA-35C6-8311-69E465BB066D}.Debug|Win32.ActiveCfg = Debug|Win32
		{0F7C17C7-E6BA-35C6-8311-69E465BB066D}.Debug|Win32.Build.0 = Debug|Win32
		{34807EEA-4491-3729-99DE-965BE8F0FBDB}.RelWithDebInfo|Win32.ActiveCfg = RelWithDebInfo|Win32
		{34807EEA-4491-3729-99DE-965BE8F0FBDB}.RelWithDebInfo|Win32.Build.0 = RelWithDebInfo|Win32
		{34807EEA-4491-3729-99DE-965BE8F0FBDB}.Release|Win32.ActiveCfg = Release|Win32
		{34807EEA-4491-3729-99DE-965BE8F0FBDB}.Release|Win32.Build.0 = Release|Win32
		{34807EEA-4491-3729-99DE-965BE8F0FBDB}.Debug|Win32.ActiveCfg = Debug|Win32
		{34807EEA-4491-3729-99DE-965BE8F0FBDB}.Debug|Win32.Build.0 = Debug|Win32
		{65B95793-0681-3CFF-BF80-5E5EDEB74A8A}.RelWithDebInfo|Win32.ActiveCfg = RelWithDebInfo|Win32
		{65B95793-0681-3CFF-BF80-5E5EDEB74A8A}.RelWithDebInfo|Win32.Build.0 = RelWithDebInfo|Win32
		{65B95793-0681-3CFF-BF80-5E5EDEB74A8A}.Release|Win32.ActiveCfg = Release|Win32
		{65B95793-0681-3CFF-BF80-5E5EDEB74A8A}.Release|Win32.Build.0 = Release|Win32
		{65B95793-0681-3CFF-BF80-5E5EDEB74A8A}.Debug|Win32.ActiveCfg = Debug|Win32
		{65B95793-0681-3CFF-BF80-5E5EDEB74A8A}.Debug|Win32.Build.0 = Debug|Win32
	EndGlobalSection
	GlobalSection(ExtensibilityGlobals) = postSolution
	EndGlobalSection
	GlobalSection(ExtensibilityAddIns) = postSolution
	EndGlobalSection
EndGlobal
