<?xml version="1.0" encoding="UTF-8"?>
<Project ToolsVersion="14.0" xmlns="http://schemas.microsoft.com/developer/msbuild/2003">
  <ItemGroup>
    <ClCompile Include="C:\Users\stephen\Desktop\singularity\singularity\indra\plugins\base_media\media_plugin_base.cpp">
      <Filter>Source Files</Filter>
    </ClCompile>
  </ItemGroup>
  <ItemGroup>
    <ClInclude Include="C:\Users\stephen\Desktop\singularity\singularity\indra\plugins\base_media\media_plugin_base.h">
      <Filter>Header Files</Filter>
    </ClInclude>
  </ItemGroup>
  <ItemGroup>
    <CustomBuild Include="C:\Users\stephen\Desktop\singularity\singularity\indra\plugins\base_media\CMakeLists.txt" />
  </ItemGroup>
  <ItemGroup>
    <Filter Include="Source Files">
      <UniqueIdentifier>{6C55EE4A-F815-33E5-B1C2-6D539E7E9973}</UniqueIdentifier>
    </Filter>
    <Filter Include="Header Files">
      <UniqueIdentifier>{C9AA8696-8BDF-3945-A7D3-4C616EDE131A}</UniqueIdentifier>
    </Filter>
  </ItemGroup>
</Project>
