Microsoft Visual Studio Solution File, Format Version 12.00
# Visual Studio 14
Project("{8BC9CEB8-8B4A-11D0-8D11-00A0C91BC942}") = "ALL_BUILD", "ALL_BUILD.vcxproj", "{4DC70089-059B-3D7C-A764-B8D094DB7A09}"
	ProjectSection(ProjectDependencies) = postProject
		{498626B5-1082-3613-A2C9-E5D73A97D665} = {498626B5-1082-3613-A2C9-E5D73A97D665}
		{41568D44-4CA4-3CEB-822C-A4A477D182D4} = {41568D44-4CA4-3CEB-822C-A4A477D182D4}
	EndProjectSection
EndProject
Project("{8BC9CEB8-8B4A-11D0-8D11-00A0C91BC942}") = "ZERO_CHECK", "..\\ZERO_CHECK.vcxproj", "{498626B5-1082-3613-A2C9-E5D73A97D665}"
	ProjectSection(ProjectDependencies) = postProject
	EndProjectSection
EndProject
Project("{8BC9CEB8-8B4A-11D0-8D11-00A0C91BC942}") = "nd_hacdConvexDecomposition", "nd_hacdConvexDecomposition.vcxproj", "{41568D44-4CA4-3CEB-822C-A4A477D182D4}"
	ProjectSection(ProjectDependencies) = postProject
		{498626B5-1082-3613-A2C9-E5D73A97D665} = {498626B5-1082-3613-A2C9-E5D73A97D665}
	EndProjectSection
EndProject
Global
	GlobalSection(SolutionConfigurationPlatforms) = preSolution
		RelWithDebInfo|Win32 = RelWithDebInfo|Win32
		Release|Win32 = Release|Win32
		Debug|Win32 = Debug|Win32
	EndGlobalSection
	GlobalSection(ProjectConfigurationPlatforms) = postSolution
		{4DC70089-059B-3D7C-A764-B8D094DB7A09}.RelWithDebInfo|Win32.ActiveCfg = RelWithDebInfo|Win32
		{4DC70089-059B-3D7C-A764-B8D094DB7A09}.Release|Win32.ActiveCfg = Release|Win32
		{4DC70089-059B-3D7C-A764-B8D094DB7A09}.Debug|Win32.ActiveCfg = Debug|Win32
		{498626B5-1082-3613-A2C9-E5D73A97D665}.RelWithDebInfo|Win32.ActiveCfg = RelWithDebInfo|Win32
		{498626B5-1082-3613-A2C9-E5D73A97D665}.RelWithDebInfo|Win32.Build.0 = RelWithDebInfo|Win32
		{498626B5-1082-3613-A2C9-E5D73A97D665}.Release|Win32.ActiveCfg = Release|Win32
		{498626B5-1082-3613-A2C9-E5D73A97D665}.Release|Win32.Build.0 = Release|Win32
		{498626B5-1082-3613-A2C9-E5D73A97D665}.Debug|Win32.ActiveCfg = Debug|Win32
		{498626B5-1082-3613-A2C9-E5D73A97D665}.Debug|Win32.Build.0 = Debug|Win32
		{41568D44-4CA4-3CEB-822C-A4A477D182D4}.RelWithDebInfo|Win32.ActiveCfg = RelWithDebInfo|Win32
		{41568D44-4CA4-3CEB-822C-A4A477D182D4}.RelWithDebInfo|Win32.Build.0 = RelWithDebInfo|Win32
		{41568D44-4CA4-3CEB-822C-A4A477D182D4}.Release|Win32.ActiveCfg = Release|Win32
		{41568D44-4CA4-3CEB-822C-A4A477D182D4}.Release|Win32.Build.0 = Release|Win32
		{41568D44-4CA4-3CEB-822C-A4A477D182D4}.Debug|Win32.ActiveCfg = Debug|Win32
		{41568D44-4CA4-3CEB-822C-A4A477D182D4}.Debug|Win32.Build.0 = Debug|Win32
	EndGlobalSection
	GlobalSection(ExtensibilityGlobals) = postSolution
	EndGlobalSection
	GlobalSection(ExtensibilityAddIns) = postSolution
	EndGlobalSection
EndGlobal
